{
  "name": "@rainblock/protocol",
  "version": "1.0.0",
  "lockfileVersion": 1,
  "requires": true,
  "dependencies": {
    "git-hooks": {
      "version": "1.1.10",
      "resolved": "https://registry.npmjs.org/git-hooks/-/git-hooks-1.1.10.tgz",
      "integrity": "sha512-23nto1qLsqJdY0daAUYqeKPyTvzefR2wZv1krgFRnPg0FxrmITCeWAIv/QfR+fAD7eZC7Rp5OSicJB4hDKyp1A==",
      "dev": true
    }
  }
}
